// !$*UTF8*$!
{
	archiveVersion = 1;
	classes = {
	};
	objectVersion = 50;
	objects = {

/* Begin PBXBuildFile section */
		975C9EDB26AC2E4B00C50C10 /* AppDelegate.swift in Sources */ = {isa = PBXBuildFile; fileRef = 975C9EDA26AC2E4B00C50C10 /* AppDelegate.swift */; };
		975C9EDD26AC2E4B00C50C10 /* SceneDelegate.swift in Sources */ = {isa = PBXBuildFile; fileRef = 975C9EDC26AC2E4B00C50C10 /* SceneDelegate.swift */; };
		975C9EDF26AC2E4B00C50C10 /* DrinksViewController.swift in Sources */ = {isa = PBXBuildFile; fileRef = 975C9EDE26AC2E4B00C50C10 /* DrinksViewController.swift */; };
		975C9EE226AC2E4B00C50C10 /* Main.storyboard in Resources */ = {isa = PBXBuildFile; fileRef = 975C9EE026AC2E4B00C50C10 /* Main.storyboard */; };
		975C9EE426AC2E4C00C50C10 /* Assets.xcassets in Resources */ = {isa = PBXBuildFile; fileRef = 975C9EE326AC2E4C00C50C10 /* Assets.xcassets */; };
		975C9EE726AC2E4C00C50C10 /* LaunchScreen.storyboard in Resources */ = {isa = PBXBuildFile; fileRef = 975C9EE526AC2E4C00C50C10 /* LaunchScreen.storyboard */; };
		975C9EF326AC325700C50C10 /* Drinks.swift in Sources */ = {isa = PBXBuildFile; fileRef = 975C9EF226AC325700C50C10 /* Drinks.swift */; };
		975C9EF626AC331D00C50C10 /* DataManager.swift in Sources */ = {isa = PBXBuildFile; fileRef = 975C9EF526AC331D00C50C10 /* DataManager.swift */; };
		975C9EF926AC334700C50C10 /* CellController.swift in Sources */ = {isa = PBXBuildFile; fileRef = 975C9EF826AC334700C50C10 /* CellController.swift */; };
		975C9EFB26AC38E400C50C10 /* ExtensionDrinksVCData.swift in Sources */ = {isa = PBXBuildFile; fileRef = 975C9EFA26AC38E400C50C10 /* ExtensionDrinksVCData.swift */; };
		975C9EFD26AC3C1900C50C10 /* DetailVC.swift in Sources */ = {isa = PBXBuildFile; fileRef = 975C9EFC26AC3C1900C50C10 /* DetailVC.swift */; };
		975C9EFF26AC41F500C50C10 /* ExtensionDrinksDetailVC.swift in Sources */ = {isa = PBXBuildFile; fileRef = 975C9EFE26AC41F500C50C10 /* ExtensionDrinksDetailVC.swift */; };
/* End PBXBuildFile section */

/* Begin PBXFileReference section */
		975C9ED726AC2E4B00C50C10 /* AlcDrinkApp.app */ = {isa = PBXFileReference; explicitFileType = wrapper.application; includeInIndex = 0; path = AlcDrinkApp.app; sourceTree = BUILT_PRODUCTS_DIR; };
		975C9EDA26AC2E4B00C50C10 /* AppDelegate.swift */ = {isa = PBXFileReference; lastKnownFileType = sourcecode.swift; path = AppDelegate.swift; sourceTree = "<group>"; };
		975C9EDC26AC2E4B00C50C10 /* SceneDelegate.swift */ = {isa = PBXFileReference; lastKnownFileType = sourcecode.swift; path = SceneDelegate.swift; sourceTree = "<group>"; };
		975C9EDE26AC2E4B00C50C10 /* DrinksViewController.swift */ = {isa = PBXFileReference; lastKnownFileType = sourcecode.swift; path = DrinksViewController.swift; sourceTree = "<group>"; };
		975C9EE126AC2E4B00C50C10 /* Base */ = {isa = PBXFileReference; lastKnownFileType = file.storyboard; name = Base; path = Base.lproj/Main.storyboard; sourceTree = "<group>"; };
		975C9EE326AC2E4C00C50C10 /* Assets.xcassets */ = {isa = PBXFileReference; lastKnownFileType = folder.assetcatalog; path = Assets.xcassets; sourceTree = "<group>"; };
		975C9EE626AC2E4C00C50C10 /* Base */ = {isa = PBXFileReference; lastKnownFileType = file.storyboard; name = Base; path = Base.lproj/LaunchScreen.storyboard; sourceTree = "<group>"; };
		975C9EE826AC2E4C00C50C10 /* Info.plist */ = {isa = PBXFileReference; lastKnownFileType = text.plist.xml; path = Info.plist; sourceTree = "<group>"; };
		975C9EF226AC325700C50C10 /* Drinks.swift */ = {isa = PBXFileReference; lastKnownFileType = sourcecode.swift; path = Drinks.swift; sourceTree = "<group>"; };
		975C9EF526AC331D00C50C10 /* DataManager.swift */ = {isa = PBXFileReference; lastKnownFileType = sourcecode.swift; path = DataManager.swift; sourceTree = "<group>"; };
		975C9EF826AC334700C50C10 /* CellController.swift */ = {isa = PBXFileReference; lastKnownFileType = sourcecode.swift; path = CellController.swift; sourceTree = "<group>"; };
		975C9EFA26AC38E400C50C10 /* ExtensionDrinksVCData.swift */ = {isa = PBXFileReference; lastKnownFileType = sourcecode.swift; path = ExtensionDrinksVCData.swift; sourceTree = SOURCE_ROOT; };
		975C9EFC26AC3C1900C50C10 /* DetailVC.swift */ = {isa = PBXFileReference; lastKnownFileType = sourcecode.swift; path = DetailVC.swift; sourceTree = "<group>"; };
		975C9EFE26AC41F500C50C10 /* ExtensionDrinksDetailVC.swift */ = {isa = PBXFileReference; lastKnownFileType = sourcecode.swift; path = ExtensionDrinksDetailVC.swift; sourceTree = "<group>"; };
/* End PBXFileReference section */

/* Begin PBXFrameworksBuildPhase section */
		975C9ED426AC2E4B00C50C10 /* Frameworks */ = {
			isa = PBXFrameworksBuildPhase;
			buildActionMask = 2147483647;
			files = (
			);
			runOnlyForDeploymentPostprocessing = 0;
		};
/* End PBXFrameworksBuildPhase section */

/* Begin PBXGroup section */
		975C9ECE26AC2E4B00C50C10 = {
			isa = PBXGroup;
			children = (
				975C9ED926AC2E4B00C50C10 /* AlcDrinkApp */,
				975C9ED826AC2E4B00C50C10 /* Products */,
			);
			sourceTree = "<group>";
		};
		975C9ED826AC2E4B00C50C10 /* Products */ = {
			isa = PBXGroup;
			children = (
				975C9ED726AC2E4B00C50C10 /* AlcDrinkApp.app */,
			);
			name = Products;
			sourceTree = "<group>";
		};
		975C9ED926AC2E4B00C50C10 /* AlcDrinkApp */ = {
			isa = PBXGroup;
			children = (
				975C9EE826AC2E4C00C50C10 /* Info.plist */,
				975C9EF726AC332E00C50C10 /* Helpers */,
				975C9EF426AC326300C50C10 /* Model */,
				975C9EEF26AC2EAD00C50C10 /* App */,
				975C9EF126AC2ECE00C50C10 /* ViewControllers */,
				975C9EEE26AC2E8100C50C10 /* StoryBoard */,
				975C9EF026AC2EBB00C50C10 /* Resources */,
			);
			path = AlcDrinkApp;
			sourceTree = "<group>";
		};
		975C9EEE26AC2E8100C50C10 /* StoryBoard */ = {
			isa = PBXGroup;
			children = (
				975C9EE026AC2E4B00C50C10 /* Main.storyboard */,
				975C9EE526AC2E4C00C50C10 /* LaunchScreen.storyboard */,
			);
			path = StoryBoard;
			sourceTree = "<group>";
		};
		975C9EEF26AC2EAD00C50C10 /* App */ = {
			isa = PBXGroup;
			children = (
				975C9EDA26AC2E4B00C50C10 /* AppDelegate.swift */,
				975C9EDC26AC2E4B00C50C10 /* SceneDelegate.swift */,
			);
			path = App;
			sourceTree = "<group>";
		};
		975C9EF026AC2EBB00C50C10 /* Resources */ = {
			isa = PBXGroup;
			children = (
				975C9EE326AC2E4C00C50C10 /* Assets.xcassets */,
			);
			path = Resources;
			sourceTree = "<group>";
		};
		975C9EF126AC2ECE00C50C10 /* ViewControllers */ = {
			isa = PBXGroup;
			children = (
				975C9EDE26AC2E4B00C50C10 /* DrinksViewController.swift */,
				975C9EFC26AC3C1900C50C10 /* DetailVC.swift */,
				975C9EFE26AC41F500C50C10 /* ExtensionDrinksDetailVC.swift */,
				975C9EFA26AC38E400C50C10 /* ExtensionDrinksVCData.swift */,
			);
			path = ViewControllers;
			sourceTree = "<group>";
		};
		975C9EF426AC326300C50C10 /* Model */ = {
			isa = PBXGroup;
			children = (
				975C9EF226AC325700C50C10 /* Drinks.swift */,
			);
			path = Model;
			sourceTree = "<group>";
		};
		975C9EF726AC332E00C50C10 /* Helpers */ = {
			isa = PBXGroup;
			children = (
				975C9EF526AC331D00C50C10 /* DataManager.swift */,
				975C9EF826AC334700C50C10 /* CellController.swift */,
			);
			path = Helpers;
			sourceTree = "<group>";
		};
/* End PBXGroup section */

/* Begin PBXNativeTarget section */
		975C9ED626AC2E4B00C50C10 /* AlcDrinkApp */ = {
			isa = PBXNativeTarget;
			buildConfigurationList = 975C9EEB26AC2E4C00C50C10 /* Build configuration list for PBXNativeTarget "AlcDrinkApp" */;
			buildPhases = (
				975C9ED326AC2E4B00C50C10 /* Sources */,
				975C9ED426AC2E4B00C50C10 /* Frameworks */,
				975C9ED526AC2E4B00C50C10 /* Resources */,
			);
			buildRules = (
			);
			dependencies = (
			);
			name = AlcDrinkApp;
			productName = AlcDrinkApp;
			productReference = 975C9ED726AC2E4B00C50C10 /* AlcDrinkApp.app */;
			productType = "com.apple.product-type.application";
		};
/* End PBXNativeTarget section */

/* Begin PBXProject section */
		975C9ECF26AC2E4B00C50C10 /* Project object */ = {
			isa = PBXProject;
			attributes = {
				LastSwiftUpdateCheck = 1250;
				LastUpgradeCheck = 1250;
				TargetAttributes = {
					975C9ED626AC2E4B00C50C10 = {
						CreatedOnToolsVersion = 12.5.1;
					};
				};
			};
			buildConfigurationList = 975C9ED226AC2E4B00C50C10 /* Build configuration list for PBXProject "AlcDrinkApp" */;
			compatibilityVersion = "Xcode 9.3";
			developmentRegion = en;
			hasScannedForEncodings = 0;
			knownRegions = (
				en,
				Base,
			);
			mainGroup = 975C9ECE26AC2E4B00C50C10;
			productRefGroup = 975C9ED826AC2E4B00C50C10 /* Products */;
			projectDirPath = "";
			projectRoot = "";
			targets = (
				975C9ED626AC2E4B00C50C10 /* AlcDrinkApp */,
			);
		};
/* End PBXProject section */

/* Begin PBXResourcesBuildPhase section */
		975C9ED526AC2E4B00C50C10 /* Resources */ = {
			isa = PBXResourcesBuildPhase;
			buildActionMask = 2147483647;
			files = (
				975C9EE726AC2E4C00C50C10 /* LaunchScreen.storyboard in Resources */,
				975C9EE426AC2E4C00C50C10 /* Assets.xcassets in Resources */,
				975C9EE226AC2E4B00C50C10 /* Main.storyboard in Resources */,
			);
			runOnlyForDeploymentPostprocessing = 0;
		};
/* End PBXResourcesBuildPhase section */

/* Begin PBXSourcesBuildPhase section */
		975C9ED326AC2E4B00C50C10 /* Sources */ = {
			isa = PBXSourcesBuildPhase;
			buildActionMask = 2147483647;
			files = (
				975C9EFF26AC41F500C50C10 /* ExtensionDrinksDetailVC.swift in Sources */,
				975C9EDF26AC2E4B00C50C10 /* DrinksViewController.swift in Sources */,
				975C9EF626AC331D00C50C10 /* DataManager.swift in Sources */,
				975C9EFB26AC38E400C50C10 /* ExtensionDrinksVCData.swift in Sources */,
				975C9EDB26AC2E4B00C50C10 /* AppDelegate.swift in Sources */,
				975C9EF926AC334700C50C10 /* CellController.swift in Sources */,
				975C9EFD26AC3C1900C50C10 /* DetailVC.swift in Sources */,
				975C9EF326AC325700C50C10 /* Drinks.swift in Sources */,
				975C9EDD26AC2E4B00C50C10 /* SceneDelegate.swift in Sources */,
			);
			runOnlyForDeploymentPostprocessing = 0;
		};
/* End PBXSourcesBuildPhase section */

/* Begin PBXVariantGroup section */
		975C9EE026AC2E4B00C50C10 /* Main.storyboard */ = {
			isa = PBXVariantGroup;
			children = (
				975C9EE126AC2E4B00C50C10 /* Base */,
			);
			name = Main.storyboard;
			sourceTree = "<group>";
		};
		975C9EE526AC2E4C00C50C10 /* LaunchScreen.storyboard */ = {
			isa = PBXVariantGroup;
			children = (
				975C9EE626AC2E4C00C50C10 /* Base */,
			);
			name = LaunchScreen.storyboard;
			sourceTree = "<group>";
		};
/* End PBXVariantGroup section */

/* Begin XCBuildConfiguration section */
		975C9EE926AC2E4C00C50C10 /* Debug */ = {
			isa = XCBuildConfiguration;
			buildSettings = {
				ALWAYS_SEARCH_USER_PATHS = NO;
				CLANG_ANALYZER_NONNULL = YES;
				CLANG_ANALYZER_NUMBER_OBJECT_CONVERSION = YES_AGGRESSIVE;
				CLANG_CXX_LANGUAGE_STANDARD = "gnu++14";
				CLANG_CXX_LIBRARY = "libc++";
				CLANG_ENABLE_MODULES = YES;
				CLANG_ENABLE_OBJC_ARC = YES;
				CLANG_ENABLE_OBJC_WEAK = YES;
				CLANG_WARN_BLOCK_CAPTURE_AUTORELEASING = YES;
				CLANG_WARN_BOOL_CONVERSION = YES;
				CLANG_WARN_COMMA = YES;
				CLANG_WARN_CONSTANT_CONVERSION = YES;
				CLANG_WARN_DEPRECATED_OBJC_IMPLEMENTATIONS = YES;
				CLANG_WARN_DIRECT_OBJC_ISA_USAGE = YES_ERROR;
				CLANG_WARN_DOCUMENTATION_COMMENTS = YES;
				CLANG_WARN_EMPTY_BODY = YES;
				CLANG_WARN_ENUM_CONVERSION = YES;
				CLANG_WARN_INFINITE_RECURSION = YES;
				CLANG_WARN_INT_CONVERSION = YES;
				CLANG_WARN_NON_LITERAL_NULL_CONVERSION = YES;
				CLANG_WARN_OBJC_IMPLICIT_RETAIN_SELF = YES;
				CLANG_WARN_OBJC_LITERAL_CONVERSION = YES;
				CLANG_WARN_OBJC_ROOT_CLASS = YES_ERROR;
				CLANG_WARN_QUOTED_INCLUDE_IN_FRAMEWORK_HEADER = YES;
				CLANG_WARN_RANGE_LOOP_ANALYSIS = YES;
				CLANG_WARN_STRICT_PROTOTYPES = YES;
				CLANG_WARN_SUSPICIOUS_MOVE = YES;
				CLANG_WARN_UNGUARDED_AVAILABILITY = YES_AGGRESSIVE;
				CLANG_WARN_UNREACHABLE_CODE = YES;
				CLANG_WARN__DUPLICATE_METHOD_MATCH = YES;
				COPY_PHASE_STRIP = NO;
				DEBUG_INFORMATION_FORMAT = dwarf;
				ENABLE_STRICT_OBJC_MSGSEND = YES;
				ENABLE_TESTABILITY = YES;
				GCC_C_LANGUAGE_STANDARD = gnu11;
				GCC_DYNAMIC_NO_PIC = NO;
				GCC_NO_COMMON_BLOCKS = YES;
				GCC_OPTIMIZATION_LEVEL = 0;
				GCC_PREPROCESSOR_DEFINITIONS = (
					"DEBUG=1",
					"$(inherited)",
				);
				GCC_WARN_64_TO_32_BIT_CONVERSION = YES;
				GCC_WARN_ABOUT_RETURN_TYPE = YES_ERROR;
				GCC_WARN_UNDECLARED_SELECTOR = YES;
				GCC_WARN_UNINITIALIZED_AUTOS = YES_AGGRESSIVE;
				GCC_WARN_UNUSED_FUNCTION = YES;
				GCC_WARN_UNUSED_VARIABLE = YES;
				IPHONEOS_DEPLOYMENT_TARGET = 14.5;
				MTL_ENABLE_DEBUG_INFO = INCLUDE_SOURCE;
				MTL_FAST_MATH = YES;
				ONLY_ACTIVE_ARCH = YES;
				SDKROOT = iphoneos;
				SWIFT_ACTIVE_COMPILATION_CONDITIONS = DEBUG;
				SWIFT_OPTIMIZATION_LEVEL = "-Onone";
			};
			name = Debug;
		};
		975C9EEA26AC2E4C00C50C10 /* Release */ = {
			isa = XCBuildConfiguration;
			buildSettings = {
				ALWAYS_SEARCH_USER_PATHS = NO;
				CLANG_ANALYZER_NONNULL = YES;
				CLANG_ANALYZER_NUMBER_OBJECT_CONVERSION = YES_AGGRESSIVE;
				CLANG_CXX_LANGUAGE_STANDARD = "gnu++14";
				CLANG_CXX_LIBRARY = "libc++";
				CLANG_ENABLE_MODULES = YES;
				CLANG_ENABLE_OBJC_ARC = YES;
				CLANG_ENABLE_OBJC_WEAK = YES;
				CLANG_WARN_BLOCK_CAPTURE_AUTORELEASING = YES;
				CLANG_WARN_BOOL_CONVERSION = YES;
				CLANG_WARN_COMMA = YES;
				CLANG_WARN_CONSTANT_CONVERSION = YES;
				CLANG_WARN_DEPRECATED_OBJC_IMPLEMENTATIONS = YES;
				CLANG_WARN_DIRECT_OBJC_ISA_USAGE = YES_ERROR;
				CLANG_WARN_DOCUMENTATION_COMMENTS = YES;
				CLANG_WARN_EMPTY_BODY = YES;
				CLANG_WARN_ENUM_CONVERSION = YES;
				CLANG_WARN_INFINITE_RECURSION = YES;
				CLANG_WARN_INT_CONVERSION = YES;
				CLANG_WARN_NON_LITERAL_NULL_CONVERSION = YES;
				CLANG_WARN_OBJC_IMPLICIT_RETAIN_SELF = YES;
				CLANG_WARN_OBJC_LITERAL_CONVERSION = YES;
				CLANG_WARN_OBJC_ROOT_CLASS = YES_ERROR;
				CLANG_WARN_QUOTED_INCLUDE_IN_FRAMEWORK_HEADER = YES;
				CLANG_WARN_RANGE_LOOP_ANALYSIS = YES;
				CLANG_WARN_STRICT_PROTOTYPES = YES;
				CLANG_WARN_SUSPICIOUS_MOVE = YES;
				CLANG_WARN_UNGUARDED_AVAILABILITY = YES_AGGRESSIVE;
				CLANG_WARN_UNREACHABLE_CODE = YES;
				CLANG_WARN__DUPLICATE_METHOD_MATCH = YES;
				COPY_PHASE_STRIP = NO;
				DEBUG_INFORMATION_FORMAT = "dwarf-with-dsym";
				ENABLE_NS_ASSERTIONS = NO;
				ENABLE_STRICT_OBJC_MSGSEND = YES;
				GCC_C_LANGUAGE_STANDARD = gnu11;
				GCC_NO_COMMON_BLOCKS = YES;
				GCC_WARN_64_TO_32_BIT_CONVERSION = YES;
				GCC_WARN_ABOUT_RETURN_TYPE = YES_ERROR;
				GCC_WARN_UNDECLARED_SELECTOR = YES;
				GCC_WARN_UNINITIALIZED_AUTOS = YES_AGGRESSIVE;
				GCC_WARN_UNUSED_FUNCTION = YES;
				GCC_WARN_UNUSED_VARIABLE = YES;
				IPHONEOS_DEPLOYMENT_TARGET = 14.5;
				MTL_ENABLE_DEBUG_INFO = NO;
				MTL_FAST_MATH = YES;
				SDKROOT = iphoneos;
				SWIFT_COMPILATION_MODE = wholemodule;
				SWIFT_OPTIMIZATION_LEVEL = "-O";
				VALIDATE_PRODUCT = YES;
			};
			name = Release;
		};
		975C9EEC26AC2E4C00C50C10 /* Debug */ = {
			isa = XCBuildConfiguration;
			buildSettings = {
				ASSETCATALOG_COMPILER_APPICON_NAME = AppIcon;
				ASSETCATALOG_COMPILER_GLOBAL_ACCENT_COLOR_NAME = AccentColor;
				CODE_SIGN_STYLE = Automatic;
				DEVELOPMENT_TEAM = A3U43FT35S;
				INFOPLIST_FILE = AlcDrinkApp/Info.plist;
				LD_RUNPATH_SEARCH_PATHS = (
					"$(inherited)",
					"@executable_path/Frameworks",
				);
				PRODUCT_BUNDLE_IDENTIFIER = AlcDrinkApp.AlcDrinkApp;
				PRODUCT_NAME = "$(TARGET_NAME)";
				SWIFT_VERSION = 5.0;
				TARGETED_DEVICE_FAMILY = "1,2";
			};
			name = Debug;
		};
		975C9EED26AC2E4C00C50C10 /* Release */ = {
			isa = XCBuildConfiguration;
			buildSettings = {
				ASSETCATALOG_COMPILER_APPICON_NAME = AppIcon;
				ASSETCATALOG_COMPILER_GLOBAL_ACCENT_COLOR_NAME = AccentColor;
				CODE_SIGN_STYLE = Automatic;
				DEVELOPMENT_TEAM = A3U43FT35S;
				INFOPLIST_FILE = AlcDrinkApp/Info.plist;
				LD_RUNPATH_SEARCH_PATHS = (
					"$(inherited)",
					"@executable_path/Frameworks",
				);
				PRODUCT_BUNDLE_IDENTIFIER = AlcDrinkApp.AlcDrinkApp;
				PRODUCT_NAME = "$(TARGET_NAME)";
				SWIFT_VERSION = 5.0;
				TARGETED_DEVICE_FAMILY = "1,2";
			};
			name = Release;
		};
/* End XCBuildConfiguration section */

/* Begin XCConfigurationList section */
		975C9ED226AC2E4B00C50C10 /* Build configuration list for PBXProject "AlcDrinkApp" */ = {
			isa = XCConfigurationList;
			buildConfigurations = (
				975C9EE926AC2E4C00C50C10 /* Debug */,
				975C9EEA26AC2E4C00C50C10 /* Release */,
			);
			defaultConfigurationIsVisible = 0;
			defaultConfigurationName = Release;
		};
		975C9EEB26AC2E4C00C50C10 /* Build configuration list for PBXNativeTarget "AlcDrinkApp" */ = {
			isa = XCConfigurationList;
			buildConfigurations = (
				975C9EEC26AC2E4C00C50C10 /* Debug */,
				975C9EED26AC2E4C00C50C10 /* Release */,
			);
			defaultConfigurationIsVisible = 0;
			defaultConfigurationName = Release;
		};
/* End XCConfigurationList section */
	};
	rootObject = 975C9ECF26AC2E4B00C50C10 /* Project object */;
}
